
Microsoft Visual Studio Solution File, Format Version 11.00
# Visual C# Express 2010
Project("{FAE04EC0-301F-11D3-BF4B-00C04F79EFBC}") = "Daum.Dna.OpenApi.SearchProvider", "Daum.Dna.OpenApi.SearchProvider\Daum.Dna.OpenApi.SearchProvider.csproj", "{DAA0D50B-A749-43C0-9ED7-7B002E71D0AB}"
EndProject
Project("{FAE04EC0-301F-11D3-BF4B-00C04F79EFBC}") = "Daum.Dna.OpenApi.SearchProvider.Test", "Daum.Dna.OpenApi.SearchProvider.Test\Daum.Dna.OpenApi.SearchProvider.Test.csproj", "{963ADA77-DC48-457E-A4C3-CE5B0444CBE5}"
EndProject
Global
	GlobalSection(SolutionConfigurationPlatforms) = preSolution
		Debug|Any CPU = Debug|Any CPU
		Debug|Mixed Platforms = Debug|Mixed Platforms
		Debug|x86 = Debug|x86
		Release|Any CPU = Release|Any CPU
		Release|Mixed Platforms = Release|Mixed Platforms
		Release|x86 = Release|x86
	EndGlobalSection
	GlobalSection(ProjectConfigurationPlatforms) = postSolution
		{DAA0D50B-A749-43C0-9ED7-7B002E71D0AB}.Debug|Any CPU.ActiveCfg = Debug|Any CPU
		{DAA0D50B-A749-43C0-9ED7-7B002E71D0AB}.Debug|Any CPU.Build.0 = Debug|Any CPU
		{DAA0D50B-A749-43C0-9ED7-7B002E71D0AB}.Debug|Mixed Platforms.ActiveCfg = Debug|Any CPU
		{DAA0D50B-A749-43C0-9ED7-7B002E71D0AB}.Debug|Mixed Platforms.Build.0 = Debug|Any CPU
		{DAA0D50B-A749-43C0-9ED7-7B002E71D0AB}.Debug|x86.ActiveCfg = Debug|Any CPU
		{DAA0D50B-A749-43C0-9ED7-7B002E71D0AB}.Release|Any CPU.ActiveCfg = Release|Any CPU
		{DAA0D50B-A749-43C0-9ED7-7B002E71D0AB}.Release|Any CPU.Build.0 = Release|Any CPU
		{DAA0D50B-A749-43C0-9ED7-7B002E71D0AB}.Release|Mixed Platforms.ActiveCfg = Release|Any CPU
		{DAA0D50B-A749-43C0-9ED7-7B002E71D0AB}.Release|Mixed Platforms.Build.0 = Release|Any CPU
		{DAA0D50B-A749-43C0-9ED7-7B002E71D0AB}.Release|x86.ActiveCfg = Release|Any CPU
		{963ADA77-DC48-457E-A4C3-CE5B0444CBE5}.Debug|Any CPU.ActiveCfg = Debug|x86
		{963ADA77-DC48-457E-A4C3-CE5B0444CBE5}.Debug|Mixed Platforms.ActiveCfg = Debug|x86
		{963ADA77-DC48-457E-A4C3-CE5B0444CBE5}.Debug|Mixed Platforms.Build.0 = Debug|x86
		{963ADA77-DC48-457E-A4C3-CE5B0444CBE5}.Debug|x86.ActiveCfg = Debug|x86
		{963ADA77-DC48-457E-A4C3-CE5B0444CBE5}.Debug|x86.Build.0 = Debug|x86
		{963ADA77-DC48-457E-A4C3-CE5B0444CBE5}.Release|Any CPU.ActiveCfg = Release|x86
		{963ADA77-DC48-457E-A4C3-CE5B0444CBE5}.Release|Mixed Platforms.ActiveCfg = Release|x86
		{963ADA77-DC48-457E-A4C3-CE5B0444CBE5}.Release|Mixed Platforms.Build.0 = Release|x86
		{963ADA77-DC48-457E-A4C3-CE5B0444CBE5}.Release|x86.ActiveCfg = Release|x86
		{963ADA77-DC48-457E-A4C3-CE5B0444CBE5}.Release|x86.Build.0 = Release|x86
	EndGlobalSection
	GlobalSection(SolutionProperties) = preSolution
		HideSolutionNode = FALSE
	EndGlobalSection
EndGlobal
